
Microsoft Visual Studio Solution File, Format Version 12.00
# Visual Studio 14
VisualStudioVersion = 14.0.25420.1
MinimumVisualStudioVersion = 10.0.40219.1
Project("{FAE04EC0-301F-11D3-BF4B-00C04F79EFBC}") = "ESim.Entities", "ESim.Entities\ESim.Entities.csproj", "{FDA152AA-8415-45E4-B8AA-A7B67F99122C}"
EndProject
Project("{FAE04EC0-301F-11D3-BF4B-00C04F79EFBC}") = "ESim.Config", "ESim.Config\ESim.Config.csproj", "{17CDF20D-293A-4090-B73E-1F263DBCFB60}"
EndProject
Project("{FAE04EC0-301F-11D3-BF4B-00C04F79EFBC}") = "ESim.Core", "ESim.Core\ESim.Core.csproj", "{F571613E-9F7A-4F2E-A87A-B335A954AB82}"
EndProject
Project("{FAE04EC0-301F-11D3-BF4B-00C04F79EFBC}") = "Esim.MonoGame", "Esim.MonoGame\Esim.MonoGame.csproj", "{1BD81608-F85A-4EF6-A78A-0EA470BFC8D8}"
EndProject
Global
	GlobalSection(SolutionConfigurationPlatforms) = preSolution
		Debug|Any CPU = Debug|Any CPU
		Debug|x86 = Debug|x86
		Release|Any CPU = Release|Any CPU
		Release|x86 = Release|x86
	EndGlobalSection
	GlobalSection(ProjectConfigurationPlatforms) = postSolution
		{FDA152AA-8415-45E4-B8AA-A7B67F99122C}.Debug|Any CPU.ActiveCfg = Debug|Any CPU
		{FDA152AA-8415-45E4-B8AA-A7B67F99122C}.Debug|Any CPU.Build.0 = Debug|Any CPU
		{FDA152AA-8415-45E4-B8AA-A7B67F99122C}.Debug|x86.ActiveCfg = Debug|Any CPU
		{FDA152AA-8415-45E4-B8AA-A7B67F99122C}.Debug|x86.Build.0 = Debug|Any CPU
		{FDA152AA-8415-45E4-B8AA-A7B67F99122C}.Release|Any CPU.ActiveCfg = Release|Any CPU
		{FDA152AA-8415-45E4-B8AA-A7B67F99122C}.Release|Any CPU.Build.0 = Release|Any CPU
		{FDA152AA-8415-45E4-B8AA-A7B67F99122C}.Release|x86.ActiveCfg = Release|Any CPU
		{FDA152AA-8415-45E4-B8AA-A7B67F99122C}.Release|x86.Build.0 = Release|Any CPU
		{17CDF20D-293A-4090-B73E-1F263DBCFB60}.Debug|Any CPU.ActiveCfg = Debug|Any CPU
		{17CDF20D-293A-4090-B73E-1F263DBCFB60}.Debug|Any CPU.Build.0 = Debug|Any CPU
		{17CDF20D-293A-4090-B73E-1F263DBCFB60}.Debug|x86.ActiveCfg = Debug|Any CPU
		{17CDF20D-293A-4090-B73E-1F263DBCFB60}.Debug|x86.Build.0 = Debug|Any CPU
		{17CDF20D-293A-4090-B73E-1F263DBCFB60}.Release|Any CPU.ActiveCfg = Release|Any CPU
		{17CDF20D-293A-4090-B73E-1F263DBCFB60}.Release|Any CPU.Build.0 = Release|Any CPU
		{17CDF20D-293A-4090-B73E-1F263DBCFB60}.Release|x86.ActiveCfg = Release|Any CPU
		{17CDF20D-293A-4090-B73E-1F263DBCFB60}.Release|x86.Build.0 = Release|Any CPU
		{F571613E-9F7A-4F2E-A87A-B335A954AB82}.Debug|Any CPU.ActiveCfg = Debug|Any CPU
		{F571613E-9F7A-4F2E-A87A-B335A954AB82}.Debug|Any CPU.Build.0 = Debug|Any CPU
		{F571613E-9F7A-4F2E-A87A-B335A954AB82}.Debug|x86.ActiveCfg = Debug|Any CPU
		{F571613E-9F7A-4F2E-A87A-B335A954AB82}.Debug|x86.Build.0 = Debug|Any CPU
		{F571613E-9F7A-4F2E-A87A-B335A954AB82}.Release|Any CPU.ActiveCfg = Release|Any CPU
		{F571613E-9F7A-4F2E-A87A-B335A954AB82}.Release|Any CPU.Build.0 = Release|Any CPU
		{F571613E-9F7A-4F2E-A87A-B335A954AB82}.Release|x86.ActiveCfg = Release|Any CPU
		{F571613E-9F7A-4F2E-A87A-B335A954AB82}.Release|x86.Build.0 = Release|Any CPU
		{1BD81608-F85A-4EF6-A78A-0EA470BFC8D8}.Debug|Any CPU.ActiveCfg = Debug|x86
		{1BD81608-F85A-4EF6-A78A-0EA470BFC8D8}.Debug|Any CPU.Build.0 = Debug|x86
		{1BD81608-F85A-4EF6-A78A-0EA470BFC8D8}.Debug|x86.ActiveCfg = Debug|x86
		{1BD81608-F85A-4EF6-A78A-0EA470BFC8D8}.Debug|x86.Build.0 = Debug|x86
		{1BD81608-F85A-4EF6-A78A-0EA470BFC8D8}.Release|Any CPU.ActiveCfg = Release|x86
		{1BD81608-F85A-4EF6-A78A-0EA470BFC8D8}.Release|x86.ActiveCfg = Release|x86
		{1BD81608-F85A-4EF6-A78A-0EA470BFC8D8}.Release|x86.Build.0 = Release|x86
	EndGlobalSection
	GlobalSection(SolutionProperties) = preSolution
		HideSolutionNode = FALSE
	EndGlobalSection
EndGlobal
